
Microsoft Visual Studio Solution File, Format Version 12.00
# Visual Studio 2012
Project("{E24C65DC-7377-472B-9ABA-BC803B73C61A}") = "Sahan Travel", "..\..\Desktop\Asp.net\New folder\Sahan Travel\", "{967ABC3A-4BAE-4DFB-878A-E4B97EC04CDB}"
	ProjectSection(WebsiteProperties) = preProject
		TargetFrameworkMoniker = ".NETFramework,Version%3Dv4.5"
		Debug.AspNetCompiler.VirtualPath = "/Sahan Travel"
		Debug.AspNetCompiler.PhysicalPath = "..\..\Desktop\Asp.net\New folder\Sahan Travel\"
		Debug.AspNetCompiler.TargetPath = "PrecompiledWeb\Sahan Travel\"
		Debug.AspNetCompiler.Updateable = "true"
		Debug.AspNetCompiler.ForceOverwrite = "true"
		Debug.AspNetCompiler.FixedNames = "false"
		Debug.AspNetCompiler.Debug = "True"
		Release.AspNetCompiler.VirtualPath = "/Sahan Travel"
		Release.AspNetCompiler.PhysicalPath = "..\..\Desktop\Asp.net\New folder\Sahan Travel\"
		Release.AspNetCompiler.TargetPath = "PrecompiledWeb\Sahan Travel\"
		Release.AspNetCompiler.Updateable = "true"
		Release.AspNetCompiler.ForceOverwrite = "true"
		Release.AspNetCompiler.FixedNames = "false"
		Release.AspNetCompiler.Debug = "False"
		VWDPort = "52892"
	EndProjectSection
EndProject
Global
	GlobalSection(SolutionConfigurationPlatforms) = preSolution
		Debug|Any CPU = Debug|Any CPU
	EndGlobalSection
	GlobalSection(ProjectConfigurationPlatforms) = postSolution
		{967ABC3A-4BAE-4DFB-878A-E4B97EC04CDB}.Debug|Any CPU.ActiveCfg = Debug|Any CPU
		{967ABC3A-4BAE-4DFB-878A-E4B97EC04CDB}.Debug|Any CPU.Build.0 = Debug|Any CPU
	EndGlobalSection
	GlobalSection(SolutionProperties) = preSolution
		HideSolutionNode = FALSE
	EndGlobalSection
EndGlobal
